// !$*UTF8*$!
{
	archiveVersion = 1;
	classes = {
	};
	objectVersion = 55;
	objects = {

/* Begin PBXBuildFile section */
		DC09CB192801C84F001979B5 /* WebSocket.swift in Sources */ = {isa = PBXBuildFile; fileRef = DC09CB182801C84F001979B5 /* WebSocket.swift */; };
		DC09CB1A2801C84F001979B5 /* WebSocket.swift in Sources */ = {isa = PBXBuildFile; fileRef = DC09CB182801C84F001979B5 /* WebSocket.swift */; };
		DC09CB1D2801FADD001979B5 /* SocketModels.swift in Sources */ = {isa = PBXBuildFile; fileRef = DC09CB1C2801FADD001979B5 /* SocketModels.swift */; };
		DC09CB1E2801FADD001979B5 /* SocketModels.swift in Sources */ = {isa = PBXBuildFile; fileRef = DC09CB1C2801FADD001979B5 /* SocketModels.swift */; };
		DC09CB2028021FB5001979B5 /* RoomState.swift in Sources */ = {isa = PBXBuildFile; fileRef = DC09CB1F28021FB5001979B5 /* RoomState.swift */; };
		DC09CB2128021FB5001979B5 /* RoomState.swift in Sources */ = {isa = PBXBuildFile; fileRef = DC09CB1F28021FB5001979B5 /* RoomState.swift */; };
		DC4926BB27F4219F000FAF5F /* Network.swift in Sources */ = {isa = PBXBuildFile; fileRef = DC4926BA27F4219F000FAF5F /* Network.swift */; };
		DC4926BC27F4219F000FAF5F /* Network.swift in Sources */ = {isa = PBXBuildFile; fileRef = DC4926BA27F4219F000FAF5F /* Network.swift */; };
		DC6C969227F251200091319C /* Home.swift in Sources */ = {isa = PBXBuildFile; fileRef = DC6C969127F251200091319C /* Home.swift */; };
		DC6C969327F251200091319C /* Home.swift in Sources */ = {isa = PBXBuildFile; fileRef = DC6C969127F251200091319C /* Home.swift */; };
		DC8475C227F2277400B78141 /* Connect4App.swift in Sources */ = {isa = PBXBuildFile; fileRef = DC8475B227F2277000B78141 /* Connect4App.swift */; };
		DC8475C327F2277400B78141 /* Connect4App.swift in Sources */ = {isa = PBXBuildFile; fileRef = DC8475B227F2277000B78141 /* Connect4App.swift */; };
		DC8475C427F2277400B78141 /* ContentView.swift in Sources */ = {isa = PBXBuildFile; fileRef = DC8475B327F2277000B78141 /* ContentView.swift */; };
		DC8475C527F2277400B78141 /* ContentView.swift in Sources */ = {isa = PBXBuildFile; fileRef = DC8475B327F2277000B78141 /* ContentView.swift */; };
		DC8475C627F2277400B78141 /* Assets.xcassets in Resources */ = {isa = PBXBuildFile; fileRef = DC8475B427F2277400B78141 /* Assets.xcassets */; };
		DC8475C727F2277400B78141 /* Assets.xcassets in Resources */ = {isa = PBXBuildFile; fileRef = DC8475B427F2277400B78141 /* Assets.xcassets */; };
		DC9C21B52800DDD4008A9358 /* BoardView.swift in Sources */ = {isa = PBXBuildFile; fileRef = DC9C21B42800DDD4008A9358 /* BoardView.swift */; };
		DC9C21B62800DDD4008A9358 /* BoardView.swift in Sources */ = {isa = PBXBuildFile; fileRef = DC9C21B42800DDD4008A9358 /* BoardView.swift */; };
		DC9C21BB2800E01A008A9358 /* GameViewIOS.swift in Sources */ = {isa = PBXBuildFile; fileRef = DC9C21BA2800E01A008A9358 /* GameViewIOS.swift */; };
		DC9C21BD2800E02F008A9358 /* GameViewMac.swift in Sources */ = {isa = PBXBuildFile; fileRef = DC9C21BC2800E02F008A9358 /* GameViewMac.swift */; };
		DCBB8F6D2800DA1B00BCC0D2 /* GameState.swift in Sources */ = {isa = PBXBuildFile; fileRef = DCBB8F6C2800DA1B00BCC0D2 /* GameState.swift */; };
		DCBB8F6E2800DA1B00BCC0D2 /* GameState.swift in Sources */ = {isa = PBXBuildFile; fileRef = DCBB8F6C2800DA1B00BCC0D2 /* GameState.swift */; };
/* End PBXBuildFile section */

/* Begin PBXFileReference section */
		DC09CB182801C84F001979B5 /* WebSocket.swift */ = {isa = PBXFileReference; lastKnownFileType = sourcecode.swift; path = WebSocket.swift; sourceTree = "<group>"; };
		DC09CB1C2801FADD001979B5 /* SocketModels.swift */ = {isa = PBXFileReference; lastKnownFileType = sourcecode.swift; path = SocketModels.swift; sourceTree = "<group>"; };
		DC09CB1F28021FB5001979B5 /* RoomState.swift */ = {isa = PBXFileReference; lastKnownFileType = sourcecode.swift; path = RoomState.swift; sourceTree = "<group>"; };
		DC4926BA27F4219F000FAF5F /* Network.swift */ = {isa = PBXFileReference; lastKnownFileType = sourcecode.swift; path = Network.swift; sourceTree = "<group>"; };
		DC4926BD27F44E71000FAF5F /* Connect4--iOS--Info.plist */ = {isa = PBXFileReference; lastKnownFileType = text.plist; path = "Connect4--iOS--Info.plist"; sourceTree = "<group>"; };
		DC6C969127F251200091319C /* Home.swift */ = {isa = PBXFileReference; lastKnownFileType = sourcecode.swift; path = Home.swift; sourceTree = "<group>"; };
		DC8475B227F2277000B78141 /* Connect4App.swift */ = {isa = PBXFileReference; lastKnownFileType = sourcecode.swift; path = Connect4App.swift; sourceTree = "<group>"; };
		DC8475B327F2277000B78141 /* ContentView.swift */ = {isa = PBXFileReference; lastKnownFileType = sourcecode.swift; path = ContentView.swift; sourceTree = "<group>"; };
		DC8475B427F2277400B78141 /* Assets.xcassets */ = {isa = PBXFileReference; lastKnownFileType = folder.assetcatalog; path = Assets.xcassets; sourceTree = "<group>"; };
		DC8475B927F2277400B78141 /* Connect4.app */ = {isa = PBXFileReference; explicitFileType = wrapper.application; includeInIndex = 0; path = Connect4.app; sourceTree = BUILT_PRODUCTS_DIR; };
		DC8475BF27F2277400B78141 /* Connect4.app */ = {isa = PBXFileReference; explicitFileType = wrapper.application; includeInIndex = 0; path = Connect4.app; sourceTree = BUILT_PRODUCTS_DIR; };
		DC8475C127F2277400B78141 /* macOS.entitlements */ = {isa = PBXFileReference; lastKnownFileType = text.plist.entitlements; path = macOS.entitlements; sourceTree = "<group>"; };
		DC9C21B42800DDD4008A9358 /* BoardView.swift */ = {isa = PBXFileReference; lastKnownFileType = sourcecode.swift; path = BoardView.swift; sourceTree = "<group>"; };
		DC9C21BA2800E01A008A9358 /* GameViewIOS.swift */ = {isa = PBXFileReference; lastKnownFileType = sourcecode.swift; path = GameViewIOS.swift; sourceTree = "<group>"; };
		DC9C21BC2800E02F008A9358 /* GameViewMac.swift */ = {isa = PBXFileReference; lastKnownFileType = sourcecode.swift; path = GameViewMac.swift; sourceTree = "<group>"; };
		DCBB8F6C2800DA1B00BCC0D2 /* GameState.swift */ = {isa = PBXFileReference; lastKnownFileType = sourcecode.swift; path = GameState.swift; sourceTree = "<group>"; };
/* End PBXFileReference section */

/* Begin PBXFrameworksBuildPhase section */
		DC8475B627F2277400B78141 /* Frameworks */ = {
			isa = PBXFrameworksBuildPhase;
			buildActionMask = 2147483647;
			files = (
			);
			runOnlyForDeploymentPostprocessing = 0;
		};
		DC8475BC27F2277400B78141 /* Frameworks */ = {
			isa = PBXFrameworksBuildPhase;
			buildActionMask = 2147483647;
			files = (
			);
			runOnlyForDeploymentPostprocessing = 0;
		};
/* End PBXFrameworksBuildPhase section */

/* Begin PBXGroup section */
		DC09CB172801C831001979B5 /* Network */ = {
			isa = PBXGroup;
			children = (
				DC4926BA27F4219F000FAF5F /* Network.swift */,
				DC09CB182801C84F001979B5 /* WebSocket.swift */,
			);
			name = Network;
			sourceTree = "<group>";
		};
		DC09CB1B2801FAC8001979B5 /* Models */ = {
			isa = PBXGroup;
			children = (
				DC09CB1C2801FADD001979B5 /* SocketModels.swift */,
			);
			name = Models;
			sourceTree = "<group>";
		};
		DC8475AC27F2277000B78141 = {
			isa = PBXGroup;
			children = (
				DC4926BD27F44E71000FAF5F /* Connect4--iOS--Info.plist */,
				DC8475B127F2277000B78141 /* Shared */,
				DC8475C027F2277400B78141 /* macOS */,
				DC8475BA27F2277400B78141 /* Products */,
			);
			sourceTree = "<group>";
		};
		DC8475B127F2277000B78141 /* Shared */ = {
			isa = PBXGroup;
			children = (
				DC09CB1B2801FAC8001979B5 /* Models */,
				DC09CB172801C831001979B5 /* Network */,
				DC9C21B72800DE1B008A9358 /* Views */,
				DC9C21B32800DD9F008A9358 /* ViewModels */,
				DC9C21B12800DD60008A9358 /* Shared */,
				DC9C21B02800DD54008A9358 /* MacOS */,
				DC9C21AF2800DD49008A9358 /* iOS */,
				DC6C969127F251200091319C /* Home.swift */,
				DC8475B427F2277400B78141 /* Assets.xcassets */,
			);
			path = Shared;
			sourceTree = "<group>";
		};
		DC8475BA27F2277400B78141 /* Products */ = {
			isa = PBXGroup;
			children = (
				DC8475B927F2277400B78141 /* Connect4.app */,
				DC8475BF27F2277400B78141 /* Connect4.app */,
			);
			name = Products;
			sourceTree = "<group>";
		};
		DC8475C027F2277400B78141 /* macOS */ = {
			isa = PBXGroup;
			children = (
				DC8475C127F2277400B78141 /* macOS.entitlements */,
			);
			path = macOS;
			sourceTree = "<group>";
		};
		DC9C21AF2800DD49008A9358 /* iOS */ = {
			isa = PBXGroup;
			children = (
				DC9C21BA2800E01A008A9358 /* GameViewIOS.swift */,
			);
			name = iOS;
			sourceTree = "<group>";
		};
		DC9C21B02800DD54008A9358 /* MacOS */ = {
			isa = PBXGroup;
			children = (
				DC9C21BC2800E02F008A9358 /* GameViewMac.swift */,
			);
			name = MacOS;
			sourceTree = "<group>";
		};
		DC9C21B12800DD60008A9358 /* Shared */ = {
			isa = PBXGroup;
			children = (
				DC8475B227F2277000B78141 /* Connect4App.swift */,
				DC8475B327F2277000B78141 /* ContentView.swift */,
				DC9C21B42800DDD4008A9358 /* BoardView.swift */,
			);
			name = Shared;
			sourceTree = "<group>";
		};
		DC9C21B32800DD9F008A9358 /* ViewModels */ = {
			isa = PBXGroup;
			children = (
				DCBB8F6C2800DA1B00BCC0D2 /* GameState.swift */,
				DC09CB1F28021FB5001979B5 /* RoomState.swift */,
			);
			name = ViewModels;
			sourceTree = "<group>";
		};
		DC9C21B72800DE1B008A9358 /* Views */ = {
			isa = PBXGroup;
			children = (
			);
			name = Views;
			sourceTree = "<group>";
		};
/* End PBXGroup section */

/* Begin PBXNativeTarget section */
		DC8475B827F2277400B78141 /* Connect4 (iOS) */ = {
			isa = PBXNativeTarget;
			buildConfigurationList = DC8475CA27F2277400B78141 /* Build configuration list for PBXNativeTarget "Connect4 (iOS)" */;
			buildPhases = (
				DC8475B527F2277400B78141 /* Sources */,
				DC8475B627F2277400B78141 /* Frameworks */,
				DC8475B727F2277400B78141 /* Resources */,
			);
			buildRules = (
			);
			dependencies = (
			);
			name = "Connect4 (iOS)";
			productName = "Connect4 (iOS)";
			productReference = DC8475B927F2277400B78141 /* Connect4.app */;
			productType = "com.apple.product-type.application";
		};
		DC8475BE27F2277400B78141 /* Connect4 (macOS) */ = {
			isa = PBXNativeTarget;
			buildConfigurationList = DC8475CD27F2277400B78141 /* Build configuration list for PBXNativeTarget "Connect4 (macOS)" */;
			buildPhases = (
				DC8475BB27F2277400B78141 /* Sources */,
				DC8475BC27F2277400B78141 /* Frameworks */,
				DC8475BD27F2277400B78141 /* Resources */,
			);
			buildRules = (
			);
			dependencies = (
			);
			name = "Connect4 (macOS)";
			productName = "Connect4 (macOS)";
			productReference = DC8475BF27F2277400B78141 /* Connect4.app */;
			productType = "com.apple.product-type.application";
		};
/* End PBXNativeTarget section */

/* Begin PBXProject section */
		DC8475AD27F2277000B78141 /* Project object */ = {
			isa = PBXProject;
			attributes = {
				BuildIndependentTargetsInParallel = 1;
				LastSwiftUpdateCheck = 1330;
				LastUpgradeCheck = 1330;
				TargetAttributes = {
					DC8475B827F2277400B78141 = {
						CreatedOnToolsVersion = 13.3;
					};
					DC8475BE27F2277400B78141 = {
						CreatedOnToolsVersion = 13.3;
					};
				};
			};
			buildConfigurationList = DC8475B027F2277000B78141 /* Build configuration list for PBXProject "Connect4" */;
			compatibilityVersion = "Xcode 13.0";
			developmentRegion = en;
			hasScannedForEncodings = 0;
			knownRegions = (
				en,
				Base,
			);
			mainGroup = DC8475AC27F2277000B78141;
			productRefGroup = DC8475BA27F2277400B78141 /* Products */;
			projectDirPath = "";
			projectRoot = "";
			targets = (
				DC8475B827F2277400B78141 /* Connect4 (iOS) */,
				DC8475BE27F2277400B78141 /* Connect4 (macOS) */,
			);
		};
/* End PBXProject section */

/* Begin PBXResourcesBuildPhase section */
		DC8475B727F2277400B78141 /* Resources */ = {
			isa = PBXResourcesBuildPhase;
			buildActionMask = 2147483647;
			files = (
				DC8475C627F2277400B78141 /* Assets.xcassets in Resources */,
			);
			runOnlyForDeploymentPostprocessing = 0;
		};
		DC8475BD27F2277400B78141 /* Resources */ = {
			isa = PBXResourcesBuildPhase;
			buildActionMask = 2147483647;
			files = (
				DC8475C727F2277400B78141 /* Assets.xcassets in Resources */,
			);
			runOnlyForDeploymentPostprocessing = 0;
		};
/* End PBXResourcesBuildPhase section */

/* Begin PBXSourcesBuildPhase section */
		DC8475B527F2277400B78141 /* Sources */ = {
			isa = PBXSourcesBuildPhase;
			buildActionMask = 2147483647;
			files = (
				DC9C21BB2800E01A008A9358 /* GameViewIOS.swift in Sources */,
				DC09CB192801C84F001979B5 /* WebSocket.swift in Sources */,
				DC09CB1D2801FADD001979B5 /* SocketModels.swift in Sources */,
				DC8475C427F2277400B78141 /* ContentView.swift in Sources */,
				DC09CB2028021FB5001979B5 /* RoomState.swift in Sources */,
				DC6C969227F251200091319C /* Home.swift in Sources */,
				DCBB8F6D2800DA1B00BCC0D2 /* GameState.swift in Sources */,
				DC9C21B52800DDD4008A9358 /* BoardView.swift in Sources */,
				DC4926BB27F4219F000FAF5F /* Network.swift in Sources */,
				DC8475C227F2277400B78141 /* Connect4App.swift in Sources */,
			);
			runOnlyForDeploymentPostprocessing = 0;
		};
		DC8475BB27F2277400B78141 /* Sources */ = {
			isa = PBXSourcesBuildPhase;
			buildActionMask = 2147483647;
			files = (
				DC8475C527F2277400B78141 /* ContentView.swift in Sources */,
				DC09CB1A2801C84F001979B5 /* WebSocket.swift in Sources */,
				DC09CB1E2801FADD001979B5 /* SocketModels.swift in Sources */,
				DC6C969327F251200091319C /* Home.swift in Sources */,
				DC09CB2128021FB5001979B5 /* RoomState.swift in Sources */,
				DCBB8F6E2800DA1B00BCC0D2 /* GameState.swift in Sources */,
				DC9C21B62800DDD4008A9358 /* BoardView.swift in Sources */,
				DC4926BC27F4219F000FAF5F /* Network.swift in Sources */,
				DC9C21BD2800E02F008A9358 /* GameViewMac.swift in Sources */,
				DC8475C327F2277400B78141 /* Connect4App.swift in Sources */,
			);
			runOnlyForDeploymentPostprocessing = 0;
		};
/* End PBXSourcesBuildPhase section */

/* Begin XCBuildConfiguration section */
		DC8475C827F2277400B78141 /* Debug */ = {
			isa = XCBuildConfiguration;
			buildSettings = {
				ALWAYS_SEARCH_USER_PATHS = NO;
				CLANG_ANALYZER_NONNULL = YES;
				CLANG_ANALYZER_NUMBER_OBJECT_CONVERSION = YES_AGGRESSIVE;
				CLANG_CXX_LANGUAGE_STANDARD = "gnu++17";
				CLANG_ENABLE_MODULES = YES;
				CLANG_ENABLE_OBJC_ARC = YES;
				CLANG_ENABLE_OBJC_WEAK = YES;
				CLANG_WARN_BLOCK_CAPTURE_AUTORELEASING = YES;
				CLANG_WARN_BOOL_CONVERSION = YES;
				CLANG_WARN_COMMA = YES;
				CLANG_WARN_CONSTANT_CONVERSION = YES;
				CLANG_WARN_DEPRECATED_OBJC_IMPLEMENTATIONS = YES;
				CLANG_WARN_DIRECT_OBJC_ISA_USAGE = YES_ERROR;
				CLANG_WARN_DOCUMENTATION_COMMENTS = YES;
				CLANG_WARN_EMPTY_BODY = YES;
				CLANG_WARN_ENUM_CONVERSION = YES;
				CLANG_WARN_INFINITE_RECURSION = YES;
				CLANG_WARN_INT_CONVERSION = YES;
				CLANG_WARN_NON_LITERAL_NULL_CONVERSION = YES;
				CLANG_WARN_OBJC_IMPLICIT_RETAIN_SELF = YES;
				CLANG_WARN_OBJC_LITERAL_CONVERSION = YES;
				CLANG_WARN_OBJC_ROOT_CLASS = YES_ERROR;
				CLANG_WARN_QUOTED_INCLUDE_IN_FRAMEWORK_HEADER = YES;
				CLANG_WARN_RANGE_LOOP_ANALYSIS = YES;
				CLANG_WARN_STRICT_PROTOTYPES = YES;
				CLANG_WARN_SUSPICIOUS_MOVE = YES;
				CLANG_WARN_UNGUARDED_AVAILABILITY = YES_AGGRESSIVE;
				CLANG_WARN_UNREACHABLE_CODE = YES;
				CLANG_WARN__DUPLICATE_METHOD_MATCH = YES;
				COPY_PHASE_STRIP = NO;
				DEBUG_INFORMATION_FORMAT = dwarf;
				ENABLE_STRICT_OBJC_MSGSEND = YES;
				ENABLE_TESTABILITY = YES;
				GCC_C_LANGUAGE_STANDARD = gnu11;
				GCC_DYNAMIC_NO_PIC = NO;
				GCC_NO_COMMON_BLOCKS = YES;
				GCC_OPTIMIZATION_LEVEL = 0;
				GCC_PREPROCESSOR_DEFINITIONS = (
					"DEBUG=1",
					"$(inherited)",
				);
				GCC_WARN_64_TO_32_BIT_CONVERSION = YES;
				GCC_WARN_ABOUT_RETURN_TYPE = YES_ERROR;
				GCC_WARN_UNDECLARED_SELECTOR = YES;
				GCC_WARN_UNINITIALIZED_AUTOS = YES_AGGRESSIVE;
				GCC_WARN_UNUSED_FUNCTION = YES;
				GCC_WARN_UNUSED_VARIABLE = YES;
				MTL_ENABLE_DEBUG_INFO = INCLUDE_SOURCE;
				MTL_FAST_MATH = YES;
				ONLY_ACTIVE_ARCH = YES;
				SWIFT_ACTIVE_COMPILATION_CONDITIONS = DEBUG;
				SWIFT_OPTIMIZATION_LEVEL = "-Onone";
			};
			name = Debug;
		};
		DC8475C927F2277400B78141 /* Release */ = {
			isa = XCBuildConfiguration;
			buildSettings = {
				ALWAYS_SEARCH_USER_PATHS = NO;
				CLANG_ANALYZER_NONNULL = YES;
				CLANG_ANALYZER_NUMBER_OBJECT_CONVERSION = YES_AGGRESSIVE;
				CLANG_CXX_LANGUAGE_STANDARD = "gnu++17";
				CLANG_ENABLE_MODULES = YES;
				CLANG_ENABLE_OBJC_ARC = YES;
				CLANG_ENABLE_OBJC_WEAK = YES;
				CLANG_WARN_BLOCK_CAPTURE_AUTORELEASING = YES;
				CLANG_WARN_BOOL_CONVERSION = YES;
				CLANG_WARN_COMMA = YES;
				CLANG_WARN_CONSTANT_CONVERSION = YES;
				CLANG_WARN_DEPRECATED_OBJC_IMPLEMENTATIONS = YES;
				CLANG_WARN_DIRECT_OBJC_ISA_USAGE = YES_ERROR;
				CLANG_WARN_DOCUMENTATION_COMMENTS = YES;
				CLANG_WARN_EMPTY_BODY = YES;
				CLANG_WARN_ENUM_CONVERSION = YES;
				CLANG_WARN_INFINITE_RECURSION = YES;
				CLANG_WARN_INT_CONVERSION = YES;
				CLANG_WARN_NON_LITERAL_NULL_CONVERSION = YES;
				CLANG_WARN_OBJC_IMPLICIT_RETAIN_SELF = YES;
				CLANG_WARN_OBJC_LITERAL_CONVERSION = YES;
				CLANG_WARN_OBJC_ROOT_CLASS = YES_ERROR;
				CLANG_WARN_QUOTED_INCLUDE_IN_FRAMEWORK_HEADER = YES;
				CLANG_WARN_RANGE_LOOP_ANALYSIS = YES;
				CLANG_WARN_STRICT_PROTOTYPES = YES;
				CLANG_WARN_SUSPICIOUS_MOVE = YES;
				CLANG_WARN_UNGUARDED_AVAILABILITY = YES_AGGRESSIVE;
				CLANG_WARN_UNREACHABLE_CODE = YES;
				CLANG_WARN__DUPLICATE_METHOD_MATCH = YES;
				COPY_PHASE_STRIP = NO;
				DEBUG_INFORMATION_FORMAT = "dwarf-with-dsym";
				ENABLE_NS_ASSERTIONS = NO;
				ENABLE_STRICT_OBJC_MSGSEND = YES;
				GCC_C_LANGUAGE_STANDARD = gnu11;
				GCC_NO_COMMON_BLOCKS = YES;
				GCC_WARN_64_TO_32_BIT_CONVERSION = YES;
				GCC_WARN_ABOUT_RETURN_TYPE = YES_ERROR;
				GCC_WARN_UNDECLARED_SELECTOR = YES;
				GCC_WARN_UNINITIALIZED_AUTOS = YES_AGGRESSIVE;
				GCC_WARN_UNUSED_FUNCTION = YES;
				GCC_WARN_UNUSED_VARIABLE = YES;
				MTL_ENABLE_DEBUG_INFO = NO;
				MTL_FAST_MATH = YES;
				SWIFT_COMPILATION_MODE = wholemodule;
				SWIFT_OPTIMIZATION_LEVEL = "-O";
			};
			name = Release;
		};
		DC8475CB27F2277400B78141 /* Debug */ = {
			isa = XCBuildConfiguration;
			buildSettings = {
				ASSETCATALOG_COMPILER_APPICON_NAME = AppIcon;
				ASSETCATALOG_COMPILER_GLOBAL_ACCENT_COLOR_NAME = AccentColor;
				CODE_SIGN_STYLE = Automatic;
				CURRENT_PROJECT_VERSION = 1;
				DEVELOPMENT_TEAM = W2FD463PKM;
				ENABLE_PREVIEWS = YES;
				GENERATE_INFOPLIST_FILE = YES;
				INFOPLIST_FILE = "Connect4--iOS--Info.plist";
				INFOPLIST_KEY_UIApplicationSceneManifest_Generation = YES;
				INFOPLIST_KEY_UIApplicationSupportsIndirectInputEvents = YES;
				INFOPLIST_KEY_UILaunchScreen_Generation = YES;
				INFOPLIST_KEY_UISupportedInterfaceOrientations_iPad = "UIInterfaceOrientationPortrait UIInterfaceOrientationPortraitUpsideDown UIInterfaceOrientationLandscapeLeft UIInterfaceOrientationLandscapeRight";
				INFOPLIST_KEY_UISupportedInterfaceOrientations_iPhone = "UIInterfaceOrientationPortrait UIInterfaceOrientationLandscapeLeft UIInterfaceOrientationLandscapeRight";
				IPHONEOS_DEPLOYMENT_TARGET = 15.4;
				LD_RUNPATH_SEARCH_PATHS = (
					"$(inherited)",
					"@executable_path/Frameworks",
				);
				MARKETING_VERSION = 1.0;
				PRODUCT_BUNDLE_IDENTIFIER = filip.dabkowski.Connect4;
				PRODUCT_NAME = Connect4;
				SDKROOT = iphoneos;
				SWIFT_EMIT_LOC_STRINGS = YES;
				SWIFT_VERSION = 5.0;
				TARGETED_DEVICE_FAMILY = "1,2";
			};
			name = Debug;
		};
		DC8475CC27F2277400B78141 /* Release */ = {
			isa = XCBuildConfiguration;
			buildSettings = {
				ASSETCATALOG_COMPILER_APPICON_NAME = AppIcon;
				ASSETCATALOG_COMPILER_GLOBAL_ACCENT_COLOR_NAME = AccentColor;
				CODE_SIGN_STYLE = Automatic;
				CURRENT_PROJECT_VERSION = 1;
				DEVELOPMENT_TEAM = W2FD463PKM;
				ENABLE_PREVIEWS = YES;
				GENERATE_INFOPLIST_FILE = YES;
				INFOPLIST_FILE = "Connect4--iOS--Info.plist";
				INFOPLIST_KEY_UIApplicationSceneManifest_Generation = YES;
				INFOPLIST_KEY_UIApplicationSupportsIndirectInputEvents = YES;
				INFOPLIST_KEY_UILaunchScreen_Generation = YES;
				INFOPLIST_KEY_UISupportedInterfaceOrientations_iPad = "UIInterfaceOrientationPortrait UIInterfaceOrientationPortraitUpsideDown UIInterfaceOrientationLandscapeLeft UIInterfaceOrientationLandscapeRight";
				INFOPLIST_KEY_UISupportedInterfaceOrientations_iPhone = "UIInterfaceOrientationPortrait UIInterfaceOrientationLandscapeLeft UIInterfaceOrientationLandscapeRight";
				IPHONEOS_DEPLOYMENT_TARGET = 15.4;
				LD_RUNPATH_SEARCH_PATHS = (
					"$(inherited)",
					"@executable_path/Frameworks",
				);
				MARKETING_VERSION = 1.0;
				PRODUCT_BUNDLE_IDENTIFIER = filip.dabkowski.Connect4;
				PRODUCT_NAME = Connect4;
				SDKROOT = iphoneos;
				SWIFT_EMIT_LOC_STRINGS = YES;
				SWIFT_VERSION = 5.0;
				TARGETED_DEVICE_FAMILY = "1,2";
				VALIDATE_PRODUCT = YES;
			};
			name = Release;
		};
		DC8475CE27F2277400B78141 /* Debug */ = {
			isa = XCBuildConfiguration;
			buildSettings = {
				ASSETCATALOG_COMPILER_APPICON_NAME = AppIcon;
				ASSETCATALOG_COMPILER_GLOBAL_ACCENT_COLOR_NAME = AccentColor;
				CODE_SIGN_ENTITLEMENTS = macOS/macOS.entitlements;
				CODE_SIGN_STYLE = Automatic;
				COMBINE_HIDPI_IMAGES = YES;
				CURRENT_PROJECT_VERSION = 1;
				DEVELOPMENT_TEAM = W2FD463PKM;
				ENABLE_HARDENED_RUNTIME = YES;
				ENABLE_PREVIEWS = YES;
				GENERATE_INFOPLIST_FILE = YES;
				INFOPLIST_KEY_NSHumanReadableCopyright = "";
				LD_RUNPATH_SEARCH_PATHS = (
					"$(inherited)",
					"@executable_path/../Frameworks",
				);
				MACOSX_DEPLOYMENT_TARGET = 12.3;
				MARKETING_VERSION = 1.0;
				PRODUCT_BUNDLE_IDENTIFIER = filip.dabkowski.Connect4;
				PRODUCT_NAME = Connect4;
				SDKROOT = macosx;
				SWIFT_EMIT_LOC_STRINGS = YES;
				SWIFT_VERSION = 5.0;
			};
			name = Debug;
		};
		DC8475CF27F2277400B78141 /* Release */ = {
			isa = XCBuildConfiguration;
			buildSettings = {
				ASSETCATALOG_COMPILER_APPICON_NAME = AppIcon;
				ASSETCATALOG_COMPILER_GLOBAL_ACCENT_COLOR_NAME = AccentColor;
				CODE_SIGN_ENTITLEMENTS = macOS/macOS.entitlements;
				CODE_SIGN_STYLE = Automatic;
				COMBINE_HIDPI_IMAGES = YES;
				CURRENT_PROJECT_VERSION = 1;
				DEVELOPMENT_TEAM = W2FD463PKM;
				ENABLE_HARDENED_RUNTIME = YES;
				ENABLE_PREVIEWS = YES;
				GENERATE_INFOPLIST_FILE = YES;
				INFOPLIST_KEY_NSHumanReadableCopyright = "";
				LD_RUNPATH_SEARCH_PATHS = (
					"$(inherited)",
					"@executable_path/../Frameworks",
				);
				MACOSX_DEPLOYMENT_TARGET = 12.3;
				MARKETING_VERSION = 1.0;
				PRODUCT_BUNDLE_IDENTIFIER = filip.dabkowski.Connect4;
				PRODUCT_NAME = Connect4;
				SDKROOT = macosx;
				SWIFT_EMIT_LOC_STRINGS = YES;
				SWIFT_VERSION = 5.0;
			};
			name = Release;
		};
/* End XCBuildConfiguration section */

/* Begin XCConfigurationList section */
		DC8475B027F2277000B78141 /* Build configuration list for PBXProject "Connect4" */ = {
			isa = XCConfigurationList;
			buildConfigurations = (
				DC8475C827F2277400B78141 /* Debug */,
				DC8475C927F2277400B78141 /* Release */,
			);
			defaultConfigurationIsVisible = 0;
			defaultConfigurationName = Release;
		};
		DC8475CA27F2277400B78141 /* Build configuration list for PBXNativeTarget "Connect4 (iOS)" */ = {
			isa = XCConfigurationList;
			buildConfigurations = (
				DC8475CB27F2277400B78141 /* Debug */,
				DC8475CC27F2277400B78141 /* Release */,
			);
			defaultConfigurationIsVisible = 0;
			defaultConfigurationName = Release;
		};
		DC8475CD27F2277400B78141 /* Build configuration list for PBXNativeTarget "Connect4 (macOS)" */ = {
			isa = XCConfigurationList;
			buildConfigurations = (
				DC8475CE27F2277400B78141 /* Debug */,
				DC8475CF27F2277400B78141 /* Release */,
			);
			defaultConfigurationIsVisible = 0;
			defaultConfigurationName = Release;
		};
/* End XCConfigurationList section */
	};
	rootObject = DC8475AD27F2277000B78141 /* Project object */;
}
